Microsoft Visual Studio Solution File, Format Version 11.00
# Visual Studio 2008

Project("{6C43C0A8-8FBF-0F44-BA94-4D00524E45C3}") = "pet", "Assembly-CSharp-firstpass.csproj", "{45E586D6-F993-BA67-5C2B-54A38434D53E}"
EndProject
Project("{6C43C0A8-8FBF-0F44-BA94-4D00524E45C3}") = "pet", "Assembly-CSharp.csproj", "{281087C4-9167-2C11-1C2D-A85E246DF2F6}"
EndProject
Project("{6C43C0A8-8FBF-0F44-BA94-4D00524E45C3}") = "pet", "Assembly-CSharp-Editor.csproj", "{4217DD69-EB1E-FAAC-4077-DAB85577F7F3}"
EndProject
Global
	GlobalSection(SolutionConfigurationPlatforms) = preSolution
		Debug|Any CPU = Debug|Any CPU
		Release|Any CPU = Release|Any CPU
	EndGlobalSection
	GlobalSection(ProjectConfigurationPlatforms) = postSolution
		{45E586D6-F993-BA67-5C2B-54A38434D53E}.Debug|Any CPU.ActiveCfg = Debug|Any CPU
		{45E586D6-F993-BA67-5C2B-54A38434D53E}.Debug|Any CPU.Build.0 = Debug|Any CPU
		{45E586D6-F993-BA67-5C2B-54A38434D53E}.Release|Any CPU.ActiveCfg = Release|Any CPU
		{45E586D6-F993-BA67-5C2B-54A38434D53E}.Release|Any CPU.Build.0 = Release|Any CPU
		{281087C4-9167-2C11-1C2D-A85E246DF2F6}.Debug|Any CPU.ActiveCfg = Debug|Any CPU
		{281087C4-9167-2C11-1C2D-A85E246DF2F6}.Debug|Any CPU.Build.0 = Debug|Any CPU
		{281087C4-9167-2C11-1C2D-A85E246DF2F6}.Release|Any CPU.ActiveCfg = Release|Any CPU
		{281087C4-9167-2C11-1C2D-A85E246DF2F6}.Release|Any CPU.Build.0 = Release|Any CPU
		{4217DD69-EB1E-FAAC-4077-DAB85577F7F3}.Debug|Any CPU.ActiveCfg = Debug|Any CPU
		{4217DD69-EB1E-FAAC-4077-DAB85577F7F3}.Debug|Any CPU.Build.0 = Debug|Any CPU
		{4217DD69-EB1E-FAAC-4077-DAB85577F7F3}.Release|Any CPU.ActiveCfg = Release|Any CPU
		{4217DD69-EB1E-FAAC-4077-DAB85577F7F3}.Release|Any CPU.Build.0 = Release|Any CPU
	EndGlobalSection
	GlobalSection(SolutionProperties) = preSolution
		HideSolutionNode = FALSE
	EndGlobalSection
																																																																																																																																																GlobalSection(MonoDevelopProperties) = preSolution
		StartupItem = Assembly-CSharp.csproj
		Policies = $0
		$0.TextStylePolicy = $1
		$1.inheritsSet = null
		$1.scope = text/x-csharp
		$0.CSharpFormattingPolicy = $2
		$2.inheritsSet = Mono
		$2.inheritsScope = text/x-csharp
		$2.scope = text/x-csharp
		$0.TextStylePolicy = $3
		$3.FileWidth = 120
		$3.TabWidth = 4
		$3.IndentWidth = 4
		$3.EolMarker = Unix
		$3.inheritsSet = Mono
		$3.inheritsScope = text/plain
		$3.scope = text/plain
	EndGlobalSection

EndGlobal
